# THIS IS AN AUTOGENERATED FILE. DO NOT EDIT THIS FILE DIRECTLY.
# yarn lockfile v1


async-manager@^0.0.6:
  version "0.0.6"
  resolved "https://registry.yarnpkg.com/async-manager/-/async-manager-0.0.6.tgz#2f58fcc96767c27b815710f2263e36ebe0418721"

typescript@^3.0.1:
  version "3.0.1"
  resolved "https://registry.yarnpkg.com/typescript/-/typescript-3.0.1.tgz#43738f29585d3a87575520a4b93ab6026ef11fdb"
